
Microsoft Visual Studio Solution File, Format Version 12.00
# Visual Studio Version 17
VisualStudioVersion = 17.12.35506.116
MinimumVisualStudioVersion = 10.0.40219.1
Project("{FAE04EC0-301F-11D3-BF4B-00C04F79EFBC}") = "SketchRoom", "SketchRoom\SketchRoom.csproj", "{59450A56-6EC7-4C3A-8015-725408532C44}"
EndProject
Project("{2150E333-8FDC-42A3-9474-1A3956D46DE8}") = "UIModules", "UIModules", "{3AAC7BBF-4755-4E5F-ABAE-A221183DE7D3}"
EndProject
Project("{FAE04EC0-301F-11D3-BF4B-00C04F79EFBC}") = "TopBarModule", "TopBarModule\TopBarModule.csproj", "{78F68827-67C0-4E19-8EE6-970C9759FA4B}"
EndProject
Project("{FAE04EC0-301F-11D3-BF4B-00C04F79EFBC}") = "UsersInteractionsModule", "UsersInteractionsModule\UsersInteractionsModule.csproj", "{DCBC73F0-20ED-4AE2-A4D8-06B8CD3FF04B}"
EndProject
Project("{FAE04EC0-301F-11D3-BF4B-00C04F79EFBC}") = "WhiteBoardModule", "WhiteBoardModule\WhiteBoardModule.csproj", "{D7303446-112B-4ABF-ABE7-7B5372138B8D}"
EndProject
Project("{2150E333-8FDC-42A3-9474-1A3956D46DE8}") = "Libs", "Libs", "{19178896-4F16-4BEF-B2F8-37E919FFC26D}"
EndProject
Project("{FAE04EC0-301F-11D3-BF4B-00C04F79EFBC}") = "SketchRoom.Toolkit.Wpf", "SketchRoom.Toolkit.Wpf\SketchRoom.Toolkit.Wpf.csproj", "{D4CEF82E-D2AC-4834-90CB-182772445FC7}"
EndProject
Project("{FAE04EC0-301F-11D3-BF4B-00C04F79EFBC}") = "LobbyHostingModule", "LobbyHostingModule\LobbyHostingModule.csproj", "{DD4FC2E8-214E-4953-92DF-47AFDEDBF77E}"
EndProject
Project("{2150E333-8FDC-42A3-9474-1A3956D46DE8}") = "Models", "Models", "{45896748-517C-4BFE-880B-43A20114440B}"
EndProject
Project("{FAE04EC0-301F-11D3-BF4B-00C04F79EFBC}") = "SketchRoom.Models", "SketchRoom.Models\SketchRoom.Models.csproj", "{EF02659B-6AAE-4C0E-9905-AB6637C8A26E}"
EndProject
Project("{FAE04EC0-301F-11D3-BF4B-00C04F79EFBC}") = "SketchRoom.Database", "SketchRoom.Database\SketchRoom.Database.csproj", "{C1841004-22B0-4D5B-AC9B-51E9B4BD18B1}"
EndProject
Project("{FAE04EC0-301F-11D3-BF4B-00C04F79EFBC}") = "SketchRoom.DataStructures", "SketchRoom.DataStructures\SketchRoom.DataStructures.csproj", "{0EFAE50E-AE4C-41B4-A32E-EEFA89B1F0C1}"
EndProject
Project("{FAE04EC0-301F-11D3-BF4B-00C04F79EFBC}") = "ParticipationModule", "ParticipationModule\ParticipationModule.csproj", "{7DD28CA5-7876-4799-8F9E-3F5B4442D95C}"
EndProject
Project("{2150E333-8FDC-42A3-9474-1A3956D46DE8}") = "Services", "Services", "{C4E40044-D151-4588-8597-13B45C05C44A}"
EndProject
Project("{FAE04EC0-301F-11D3-BF4B-00C04F79EFBC}") = "SketchRoom.Services", "SketchRoom.Services\SketchRoom.Services.csproj", "{3CE93F33-F8AA-4FEC-BE77-3405AAEC3A78}"
EndProject
Project("{2150E333-8FDC-42A3-9474-1A3956D46DE8}") = "Actions", "Actions", "{D10EF7D4-57B4-4EA2-BD8F-3048289AD537}"
EndProject
Project("{FAE04EC0-301F-11D3-BF4B-00C04F79EFBC}") = "DrawingStateService", "DrawingStateService\DrawingStateService.csproj", "{98F163B9-0842-42C6-A71D-E29CA51A7A3C}"
EndProject
Project("{FAE04EC0-301F-11D3-BF4B-00C04F79EFBC}") = "SketchRoom.AI.Predictions", "SketchRoom.AI.Predictions\SketchRoom.AI.Predictions.csproj", "{127406C9-72BE-4D66-A4E4-820823DD66BD}"
EndProject
Project("{FAE04EC0-301F-11D3-BF4B-00C04F79EFBC}") = "SketchRoom.AI.Training", "SketchRoom.AI.Training\SketchRoom.AI.Training.csproj", "{2B1AB1FB-1412-4262-9089-BA9393770AD5}"
EndProject
Project("{FAE04EC0-301F-11D3-BF4B-00C04F79EFBC}") = "WalkthroughDemo", "WalkthroughDemo\WalkthroughDemo.csproj", "{747B143E-A3E0-497F-8601-FB9990534523}"
EndProject
Project("{FAE04EC0-301F-11D3-BF4B-00C04F79EFBC}") = "WhiteBoard.Core", "WhiteBoard.Core\WhiteBoard.Core.csproj", "{964CC27E-C69B-4D9D-8C04-26CB978C9815}"
EndProject
Project("{FAE04EC0-301F-11D3-BF4B-00C04F79EFBC}") = "FooterModule", "FooterModule\FooterModule.csproj", "{2BDE492C-CCBB-440C-8FE5-38342DF30DE8}"
EndProject
Global
	GlobalSection(SolutionConfigurationPlatforms) = preSolution
		Debug|Any CPU = Debug|Any CPU
		Release|Any CPU = Release|Any CPU
	EndGlobalSection
	GlobalSection(ProjectConfigurationPlatforms) = postSolution
		{59450A56-6EC7-4C3A-8015-725408532C44}.Debug|Any CPU.ActiveCfg = Debug|Any CPU
		{59450A56-6EC7-4C3A-8015-725408532C44}.Debug|Any CPU.Build.0 = Debug|Any CPU
		{59450A56-6EC7-4C3A-8015-725408532C44}.Release|Any CPU.ActiveCfg = Release|Any CPU
		{59450A56-6EC7-4C3A-8015-725408532C44}.Release|Any CPU.Build.0 = Release|Any CPU
		{78F68827-67C0-4E19-8EE6-970C9759FA4B}.Debug|Any CPU.ActiveCfg = Debug|Any CPU
		{78F68827-67C0-4E19-8EE6-970C9759FA4B}.Debug|Any CPU.Build.0 = Debug|Any CPU
		{78F68827-67C0-4E19-8EE6-970C9759FA4B}.Release|Any CPU.ActiveCfg = Release|Any CPU
		{78F68827-67C0-4E19-8EE6-970C9759FA4B}.Release|Any CPU.Build.0 = Release|Any CPU
		{DCBC73F0-20ED-4AE2-A4D8-06B8CD3FF04B}.Debug|Any CPU.ActiveCfg = Debug|Any CPU
		{DCBC73F0-20ED-4AE2-A4D8-06B8CD3FF04B}.Debug|Any CPU.Build.0 = Debug|Any CPU
		{DCBC73F0-20ED-4AE2-A4D8-06B8CD3FF04B}.Release|Any CPU.ActiveCfg = Release|Any CPU
		{DCBC73F0-20ED-4AE2-A4D8-06B8CD3FF04B}.Release|Any CPU.Build.0 = Release|Any CPU
		{D7303446-112B-4ABF-ABE7-7B5372138B8D}.Debug|Any CPU.ActiveCfg = Debug|Any CPU
		{D7303446-112B-4ABF-ABE7-7B5372138B8D}.Debug|Any CPU.Build.0 = Debug|Any CPU
		{D7303446-112B-4ABF-ABE7-7B5372138B8D}.Release|Any CPU.ActiveCfg = Release|Any CPU
		{D7303446-112B-4ABF-ABE7-7B5372138B8D}.Release|Any CPU.Build.0 = Release|Any CPU
		{D4CEF82E-D2AC-4834-90CB-182772445FC7}.Debug|Any CPU.ActiveCfg = Debug|Any CPU
		{D4CEF82E-D2AC-4834-90CB-182772445FC7}.Debug|Any CPU.Build.0 = Debug|Any CPU
		{D4CEF82E-D2AC-4834-90CB-182772445FC7}.Release|Any CPU.ActiveCfg = Release|Any CPU
		{D4CEF82E-D2AC-4834-90CB-182772445FC7}.Release|Any CPU.Build.0 = Release|Any CPU
		{DD4FC2E8-214E-4953-92DF-47AFDEDBF77E}.Debug|Any CPU.ActiveCfg = Debug|Any CPU
		{DD4FC2E8-214E-4953-92DF-47AFDEDBF77E}.Debug|Any CPU.Build.0 = Debug|Any CPU
		{DD4FC2E8-214E-4953-92DF-47AFDEDBF77E}.Release|Any CPU.ActiveCfg = Release|Any CPU
		{DD4FC2E8-214E-4953-92DF-47AFDEDBF77E}.Release|Any CPU.Build.0 = Release|Any CPU
		{EF02659B-6AAE-4C0E-9905-AB6637C8A26E}.Debug|Any CPU.ActiveCfg = Debug|Any CPU
		{EF02659B-6AAE-4C0E-9905-AB6637C8A26E}.Debug|Any CPU.Build.0 = Debug|Any CPU
		{EF02659B-6AAE-4C0E-9905-AB6637C8A26E}.Release|Any CPU.ActiveCfg = Release|Any CPU
		{EF02659B-6AAE-4C0E-9905-AB6637C8A26E}.Release|Any CPU.Build.0 = Release|Any CPU
		{C1841004-22B0-4D5B-AC9B-51E9B4BD18B1}.Debug|Any CPU.ActiveCfg = Debug|Any CPU
		{C1841004-22B0-4D5B-AC9B-51E9B4BD18B1}.Debug|Any CPU.Build.0 = Debug|Any CPU
		{C1841004-22B0-4D5B-AC9B-51E9B4BD18B1}.Release|Any CPU.ActiveCfg = Release|Any CPU
		{C1841004-22B0-4D5B-AC9B-51E9B4BD18B1}.Release|Any CPU.Build.0 = Release|Any CPU
		{0EFAE50E-AE4C-41B4-A32E-EEFA89B1F0C1}.Debug|Any CPU.ActiveCfg = Debug|Any CPU
		{0EFAE50E-AE4C-41B4-A32E-EEFA89B1F0C1}.Debug|Any CPU.Build.0 = Debug|Any CPU
		{0EFAE50E-AE4C-41B4-A32E-EEFA89B1F0C1}.Release|Any CPU.ActiveCfg = Release|Any CPU
		{0EFAE50E-AE4C-41B4-A32E-EEFA89B1F0C1}.Release|Any CPU.Build.0 = Release|Any CPU
		{7DD28CA5-7876-4799-8F9E-3F5B4442D95C}.Debug|Any CPU.ActiveCfg = Debug|Any CPU
		{7DD28CA5-7876-4799-8F9E-3F5B4442D95C}.Debug|Any CPU.Build.0 = Debug|Any CPU
		{7DD28CA5-7876-4799-8F9E-3F5B4442D95C}.Release|Any CPU.ActiveCfg = Release|Any CPU
		{7DD28CA5-7876-4799-8F9E-3F5B4442D95C}.Release|Any CPU.Build.0 = Release|Any CPU
		{3CE93F33-F8AA-4FEC-BE77-3405AAEC3A78}.Debug|Any CPU.ActiveCfg = Debug|Any CPU
		{3CE93F33-F8AA-4FEC-BE77-3405AAEC3A78}.Debug|Any CPU.Build.0 = Debug|Any CPU
		{3CE93F33-F8AA-4FEC-BE77-3405AAEC3A78}.Release|Any CPU.ActiveCfg = Release|Any CPU
		{3CE93F33-F8AA-4FEC-BE77-3405AAEC3A78}.Release|Any CPU.Build.0 = Release|Any CPU
		{98F163B9-0842-42C6-A71D-E29CA51A7A3C}.Debug|Any CPU.ActiveCfg = Debug|Any CPU
		{98F163B9-0842-42C6-A71D-E29CA51A7A3C}.Debug|Any CPU.Build.0 = Debug|Any CPU
		{98F163B9-0842-42C6-A71D-E29CA51A7A3C}.Release|Any CPU.ActiveCfg = Release|Any CPU
		{98F163B9-0842-42C6-A71D-E29CA51A7A3C}.Release|Any CPU.Build.0 = Release|Any CPU
		{127406C9-72BE-4D66-A4E4-820823DD66BD}.Debug|Any CPU.ActiveCfg = Debug|Any CPU
		{127406C9-72BE-4D66-A4E4-820823DD66BD}.Debug|Any CPU.Build.0 = Debug|Any CPU
		{127406C9-72BE-4D66-A4E4-820823DD66BD}.Release|Any CPU.ActiveCfg = Release|Any CPU
		{127406C9-72BE-4D66-A4E4-820823DD66BD}.Release|Any CPU.Build.0 = Release|Any CPU
		{2B1AB1FB-1412-4262-9089-BA9393770AD5}.Debug|Any CPU.ActiveCfg = Debug|Any CPU
		{2B1AB1FB-1412-4262-9089-BA9393770AD5}.Debug|Any CPU.Build.0 = Debug|Any CPU
		{2B1AB1FB-1412-4262-9089-BA9393770AD5}.Release|Any CPU.ActiveCfg = Release|Any CPU
		{2B1AB1FB-1412-4262-9089-BA9393770AD5}.Release|Any CPU.Build.0 = Release|Any CPU
		{747B143E-A3E0-497F-8601-FB9990534523}.Debug|Any CPU.ActiveCfg = Debug|Any CPU
		{747B143E-A3E0-497F-8601-FB9990534523}.Debug|Any CPU.Build.0 = Debug|Any CPU
		{747B143E-A3E0-497F-8601-FB9990534523}.Release|Any CPU.ActiveCfg = Release|Any CPU
		{747B143E-A3E0-497F-8601-FB9990534523}.Release|Any CPU.Build.0 = Release|Any CPU
		{964CC27E-C69B-4D9D-8C04-26CB978C9815}.Debug|Any CPU.ActiveCfg = Debug|Any CPU
		{964CC27E-C69B-4D9D-8C04-26CB978C9815}.Debug|Any CPU.Build.0 = Debug|Any CPU
		{964CC27E-C69B-4D9D-8C04-26CB978C9815}.Release|Any CPU.ActiveCfg = Release|Any CPU
		{964CC27E-C69B-4D9D-8C04-26CB978C9815}.Release|Any CPU.Build.0 = Release|Any CPU
		{2BDE492C-CCBB-440C-8FE5-38342DF30DE8}.Debug|Any CPU.ActiveCfg = Debug|Any CPU
		{2BDE492C-CCBB-440C-8FE5-38342DF30DE8}.Debug|Any CPU.Build.0 = Debug|Any CPU
		{2BDE492C-CCBB-440C-8FE5-38342DF30DE8}.Release|Any CPU.ActiveCfg = Release|Any CPU
		{2BDE492C-CCBB-440C-8FE5-38342DF30DE8}.Release|Any CPU.Build.0 = Release|Any CPU
	EndGlobalSection
	GlobalSection(SolutionProperties) = preSolution
		HideSolutionNode = FALSE
	EndGlobalSection
	GlobalSection(NestedProjects) = preSolution
		{78F68827-67C0-4E19-8EE6-970C9759FA4B} = {3AAC7BBF-4755-4E5F-ABAE-A221183DE7D3}
		{DCBC73F0-20ED-4AE2-A4D8-06B8CD3FF04B} = {3AAC7BBF-4755-4E5F-ABAE-A221183DE7D3}
		{D7303446-112B-4ABF-ABE7-7B5372138B8D} = {3AAC7BBF-4755-4E5F-ABAE-A221183DE7D3}
		{D4CEF82E-D2AC-4834-90CB-182772445FC7} = {19178896-4F16-4BEF-B2F8-37E919FFC26D}
		{DD4FC2E8-214E-4953-92DF-47AFDEDBF77E} = {3AAC7BBF-4755-4E5F-ABAE-A221183DE7D3}
		{EF02659B-6AAE-4C0E-9905-AB6637C8A26E} = {45896748-517C-4BFE-880B-43A20114440B}
		{C1841004-22B0-4D5B-AC9B-51E9B4BD18B1} = {19178896-4F16-4BEF-B2F8-37E919FFC26D}
		{0EFAE50E-AE4C-41B4-A32E-EEFA89B1F0C1} = {19178896-4F16-4BEF-B2F8-37E919FFC26D}
		{7DD28CA5-7876-4799-8F9E-3F5B4442D95C} = {3AAC7BBF-4755-4E5F-ABAE-A221183DE7D3}
		{C4E40044-D151-4588-8597-13B45C05C44A} = {45896748-517C-4BFE-880B-43A20114440B}
		{3CE93F33-F8AA-4FEC-BE77-3405AAEC3A78} = {C4E40044-D151-4588-8597-13B45C05C44A}
		{98F163B9-0842-42C6-A71D-E29CA51A7A3C} = {D10EF7D4-57B4-4EA2-BD8F-3048289AD537}
		{127406C9-72BE-4D66-A4E4-820823DD66BD} = {19178896-4F16-4BEF-B2F8-37E919FFC26D}
		{2B1AB1FB-1412-4262-9089-BA9393770AD5} = {19178896-4F16-4BEF-B2F8-37E919FFC26D}
		{747B143E-A3E0-497F-8601-FB9990534523} = {19178896-4F16-4BEF-B2F8-37E919FFC26D}
		{964CC27E-C69B-4D9D-8C04-26CB978C9815} = {D10EF7D4-57B4-4EA2-BD8F-3048289AD537}
		{2BDE492C-CCBB-440C-8FE5-38342DF30DE8} = {3AAC7BBF-4755-4E5F-ABAE-A221183DE7D3}
	EndGlobalSection
EndGlobal
